// !$*UTF8*$!
{
	archiveVersion = 1;
	classes = {
	};
	objectVersion = 77;
	objects = {

/* Begin PBXBuildFile section */
		2506153D00467F25D6614AF9 /* ProcessRowView.swift in Sources */ = {isa = PBXBuildFile; fileRef = A827EB0987FD0CA9A4396F38 /* ProcessRowView.swift */; };
		5255F8428A12EFE5007F50C1 /* ProcessListView.swift in Sources */ = {isa = PBXBuildFile; fileRef = 2CFA52A6B81FAE781C6A45F8 /* ProcessListView.swift */; };
		58DE2B429D307C4A9D80AF57 /* jstopApp.swift in Sources */ = {isa = PBXBuildFile; fileRef = 06434A6CEB5B852EC5AC9065 /* jstopApp.swift */; };
		8C2475D6FAEDA1D2994B7F78 /* ProcessManager.swift in Sources */ = {isa = PBXBuildFile; fileRef = C2D48EB1E8745E9439C87A24 /* ProcessManager.swift */; };
		AD25431CDCB2AC70A83A07B1 /* JSProcess.swift in Sources */ = {isa = PBXBuildFile; fileRef = 5611E2A41F393B0C9D57DB82 /* JSProcess.swift */; };
		B0DDA2A4FBA4D78B20B46C20 /* Assets.xcassets in Resources */ = {isa = PBXBuildFile; fileRef = C8C1A504188F50A1F24BF41E /* Assets.xcassets */; };
		FA01000000000000000001AA /* jstopTests.swift in Sources */ = {isa = PBXBuildFile; fileRef = FA01000000000000000002AA /* jstopTests.swift */; };
/* End PBXBuildFile section */

/* Begin PBXFileReference section */
		06434A6CEB5B852EC5AC9065 /* jstopApp.swift */ = {isa = PBXFileReference; lastKnownFileType = sourcecode.swift; path = jstopApp.swift; sourceTree = "<group>"; };
		0FC35D6422F3CB5AC7BF91BE /* jstop.entitlements */ = {isa = PBXFileReference; lastKnownFileType = text.plist.entitlements; path = jstop.entitlements; sourceTree = "<group>"; };
		2CFA52A6B81FAE781C6A45F8 /* ProcessListView.swift */ = {isa = PBXFileReference; lastKnownFileType = sourcecode.swift; path = ProcessListView.swift; sourceTree = "<group>"; };
		5611E2A41F393B0C9D57DB82 /* JSProcess.swift */ = {isa = PBXFileReference; lastKnownFileType = sourcecode.swift; path = JSProcess.swift; sourceTree = "<group>"; };
		9B6DFDDCB965E24CE22313B8 /* jstop.app */ = {isa = PBXFileReference; explicitFileType = wrapper.application; includeInIndex = 0; path = jstop.app; sourceTree = BUILT_PRODUCTS_DIR; };
		A827EB0987FD0CA9A4396F38 /* ProcessRowView.swift */ = {isa = PBXFileReference; lastKnownFileType = sourcecode.swift; path = ProcessRowView.swift; sourceTree = "<group>"; };
		C2D48EB1E8745E9439C87A24 /* ProcessManager.swift */ = {isa = PBXFileReference; lastKnownFileType = sourcecode.swift; path = ProcessManager.swift; sourceTree = "<group>"; };
		C8C1A504188F50A1F24BF41E /* Assets.xcassets */ = {isa = PBXFileReference; lastKnownFileType = folder.assetcatalog; path = Assets.xcassets; sourceTree = "<group>"; };
		F4AF63027A733FFEF5C94E26 /* Info.plist */ = {isa = PBXFileReference; lastKnownFileType = text.plist; path = Info.plist; sourceTree = "<group>"; };
		FA01000000000000000002AA /* jstopTests.swift */ = {isa = PBXFileReference; lastKnownFileType = sourcecode.swift; path = jstopTests.swift; sourceTree = "<group>"; };
		FA01000000000000000003AA /* jstopTests.xctest */ = {isa = PBXFileReference; explicitFileType = wrapper.cfbundle; includeInIndex = 0; path = jstopTests.xctest; sourceTree = BUILT_PRODUCTS_DIR; };
/* End PBXFileReference section */

/* Begin PBXGroup section */
		988F48A8F225B0F3988CF7CE /* jstop */ = {
			isa = PBXGroup;
			children = (
				C8C1A504188F50A1F24BF41E /* Assets.xcassets */,
				F4AF63027A733FFEF5C94E26 /* Info.plist */,
				5611E2A41F393B0C9D57DB82 /* JSProcess.swift */,
				0FC35D6422F3CB5AC7BF91BE /* jstop.entitlements */,
				06434A6CEB5B852EC5AC9065 /* jstopApp.swift */,
				2CFA52A6B81FAE781C6A45F8 /* ProcessListView.swift */,
				C2D48EB1E8745E9439C87A24 /* ProcessManager.swift */,
				A827EB0987FD0CA9A4396F38 /* ProcessRowView.swift */,
			);
			path = jstop;
			sourceTree = "<group>";
		};
		A0C151A379EB78A9174347A4 = {
			isa = PBXGroup;
			children = (
				988F48A8F225B0F3988CF7CE /* jstop */,
				FA01000000000000000004AA /* jstopTests */,
				B29AA9ADC71E10140B76C4C3 /* Products */,
			);
			sourceTree = "<group>";
		};
		B29AA9ADC71E10140B76C4C3 /* Products */ = {
			isa = PBXGroup;
			children = (
				9B6DFDDCB965E24CE22313B8 /* jstop.app */,
				FA01000000000000000003AA /* jstopTests.xctest */,
			);
			name = Products;
			sourceTree = "<group>";
		};
		FA01000000000000000004AA /* jstopTests */ = {
			isa = PBXGroup;
			children = (
				FA01000000000000000002AA /* jstopTests.swift */,
			);
			path = jstopTests;
			sourceTree = "<group>";
		};
/* End PBXGroup section */

/* Begin PBXContainerItemProxy section */
		FA01000000000000000005AA /* PBXContainerItemProxy */ = {
			isa = PBXContainerItemProxy;
			containerPortal = 626801D419CE6A1EC0C2E3F4 /* Project object */;
			proxyType = 1;
			remoteGlobalIDString = B82C7C7186C251FBA00C80F8;
			remoteInfo = jstop;
		};
/* End PBXContainerItemProxy section */

/* Begin PBXTargetDependency section */
		FA01000000000000000006AA /* PBXTargetDependency */ = {
			isa = PBXTargetDependency;
			target = B82C7C7186C251FBA00C80F8 /* jstop */;
			targetProxy = FA01000000000000000005AA /* PBXContainerItemProxy */;
		};
/* End PBXTargetDependency section */

/* Begin PBXNativeTarget section */
		B82C7C7186C251FBA00C80F8 /* jstop */ = {
			isa = PBXNativeTarget;
			buildConfigurationList = 5ECA5EE4CC45197DADE31A42 /* Build configuration list for PBXNativeTarget "jstop" */;
			buildPhases = (
				59E028A69E3BC9991C64430D /* Sources */,
				0AC6810F05D0468B5AF4C64D /* Resources */,
			);
			buildRules = (
			);
			dependencies = (
			);
			name = jstop;
			packageProductDependencies = (
			);
			productName = jstop;
			productReference = 9B6DFDDCB965E24CE22313B8 /* jstop.app */;
			productType = "com.apple.product-type.application";
		};
		FA01000000000000000007AA /* jstopTests */ = {
			isa = PBXNativeTarget;
			buildConfigurationList = FA01000000000000000010AA /* Build configuration list for PBXNativeTarget "jstopTests" */;
			buildPhases = (
				FA01000000000000000008AA /* Sources */,
				FA01000000000000000009AA /* Frameworks */,
			);
			buildRules = (
			);
			dependencies = (
				FA01000000000000000006AA /* PBXTargetDependency */,
			);
			name = jstopTests;
			packageProductDependencies = (
			);
			productName = jstopTests;
			productReference = FA01000000000000000003AA /* jstopTests.xctest */;
			productType = "com.apple.product-type.bundle.unit-test";
		};
/* End PBXNativeTarget section */

/* Begin PBXProject section */
		626801D419CE6A1EC0C2E3F4 /* Project object */ = {
			isa = PBXProject;
			attributes = {
				BuildIndependentTargetsInParallel = YES;
				LastUpgradeCheck = 1430;
				TargetAttributes = {
					B82C7C7186C251FBA00C80F8 = {
						DevelopmentTeam = 7AWFJS2W5C;
						ProvisioningStyle = Manual;
					};
					FA01000000000000000007AA = {
						TestTargetID = B82C7C7186C251FBA00C80F8;
					};
				};
			};
			buildConfigurationList = 99BD5A7AFC082AAA346EAD5F /* Build configuration list for PBXProject "jstop" */;
			compatibilityVersion = "Xcode 14.0";
			developmentRegion = en;
			hasScannedForEncodings = 0;
			knownRegions = (
				Base,
				en,
			);
			mainGroup = A0C151A379EB78A9174347A4;
			minimizedProjectReferenceProxies = 1;
			preferredProjectObjectVersion = 77;
			projectDirPath = "";
			projectRoot = "";
			targets = (
				B82C7C7186C251FBA00C80F8 /* jstop */,
				FA01000000000000000007AA /* jstopTests */,
			);
		};
/* End PBXProject section */

/* Begin PBXResourcesBuildPhase section */
		0AC6810F05D0468B5AF4C64D /* Resources */ = {
			isa = PBXResourcesBuildPhase;
			buildActionMask = 2147483647;
			files = (
				B0DDA2A4FBA4D78B20B46C20 /* Assets.xcassets in Resources */,
			);
			runOnlyForDeploymentPostprocessing = 0;
		};
/* End PBXResourcesBuildPhase section */

/* Begin PBXFrameworksBuildPhase section */
		FA01000000000000000009AA /* Frameworks */ = {
			isa = PBXFrameworksBuildPhase;
			buildActionMask = 2147483647;
			files = (
			);
			runOnlyForDeploymentPostprocessing = 0;
		};
/* End PBXFrameworksBuildPhase section */

/* Begin PBXSourcesBuildPhase section */
		59E028A69E3BC9991C64430D /* Sources */ = {
			isa = PBXSourcesBuildPhase;
			buildActionMask = 2147483647;
			files = (
				AD25431CDCB2AC70A83A07B1 /* JSProcess.swift in Sources */,
				5255F8428A12EFE5007F50C1 /* ProcessListView.swift in Sources */,
				8C2475D6FAEDA1D2994B7F78 /* ProcessManager.swift in Sources */,
				2506153D00467F25D6614AF9 /* ProcessRowView.swift in Sources */,
				58DE2B429D307C4A9D80AF57 /* jstopApp.swift in Sources */,
			);
			runOnlyForDeploymentPostprocessing = 0;
		};
		FA01000000000000000008AA /* Sources */ = {
			isa = PBXSourcesBuildPhase;
			buildActionMask = 2147483647;
			files = (
				FA01000000000000000001AA /* jstopTests.swift in Sources */,
			);
			runOnlyForDeploymentPostprocessing = 0;
		};
/* End PBXSourcesBuildPhase section */

/* Begin XCBuildConfiguration section */
		109EC00768372CEA8D4E1745 /* Debug */ = {
			isa = XCBuildConfiguration;
			buildSettings = {
				ALWAYS_SEARCH_USER_PATHS = NO;
				CLANG_ANALYZER_NONNULL = YES;
				CLANG_ANALYZER_NUMBER_OBJECT_CONVERSION = YES_AGGRESSIVE;
				CLANG_CXX_LANGUAGE_STANDARD = "gnu++14";
				CLANG_CXX_LIBRARY = "libc++";
				CLANG_ENABLE_MODULES = YES;
				CLANG_ENABLE_OBJC_ARC = YES;
				CLANG_ENABLE_OBJC_WEAK = YES;
				CLANG_WARN_BLOCK_CAPTURE_AUTORELEASING = YES;
				CLANG_WARN_BOOL_CONVERSION = YES;
				CLANG_WARN_COMMA = YES;
				CLANG_WARN_CONSTANT_CONVERSION = YES;
				CLANG_WARN_DEPRECATED_OBJC_IMPLEMENTATIONS = YES;
				CLANG_WARN_DIRECT_OBJC_ISA_USAGE = YES_ERROR;
				CLANG_WARN_DOCUMENTATION_COMMENTS = YES;
				CLANG_WARN_EMPTY_BODY = YES;
				CLANG_WARN_ENUM_CONVERSION = YES;
				CLANG_WARN_INFINITE_RECURSION = YES;
				CLANG_WARN_INT_CONVERSION = YES;
				CLANG_WARN_NON_LITERAL_NULL_CONVERSION = YES;
				CLANG_WARN_OBJC_IMPLICIT_RETAIN_SELF = YES;
				CLANG_WARN_OBJC_LITERAL_CONVERSION = YES;
				CLANG_WARN_OBJC_ROOT_CLASS = YES_ERROR;
				CLANG_WARN_QUOTED_INCLUDE_IN_FRAMEWORK_HEADER = YES;
				CLANG_WARN_RANGE_LOOP_ANALYSIS = YES;
				CLANG_WARN_STRICT_PROTOTYPES = YES;
				CLANG_WARN_SUSPICIOUS_MOVE = YES;
				CLANG_WARN_UNGUARDED_AVAILABILITY = YES_AGGRESSIVE;
				CLANG_WARN_UNREACHABLE_CODE = YES;
				CLANG_WARN__DUPLICATE_METHOD_MATCH = YES;
				COPY_PHASE_STRIP = NO;
				DEBUG_INFORMATION_FORMAT = dwarf;
				ENABLE_HARDENED_RUNTIME = YES;
				ENABLE_STRICT_OBJC_MSGSEND = YES;
				ENABLE_TESTABILITY = YES;
				GCC_C_LANGUAGE_STANDARD = gnu11;
				GCC_DYNAMIC_NO_PIC = NO;
				GCC_NO_COMMON_BLOCKS = YES;
				GCC_OPTIMIZATION_LEVEL = 0;
				GCC_PREPROCESSOR_DEFINITIONS = (
					"$(inherited)",
					"DEBUG=1",
				);
				GCC_WARN_64_TO_32_BIT_CONVERSION = YES;
				GCC_WARN_ABOUT_RETURN_TYPE = YES_ERROR;
				GCC_WARN_UNDECLARED_SELECTOR = YES;
				GCC_WARN_UNINITIALIZED_AUTOS = YES_AGGRESSIVE;
				GCC_WARN_UNUSED_FUNCTION = YES;
				GCC_WARN_UNUSED_VARIABLE = YES;
				MACOSX_DEPLOYMENT_TARGET = 13.0;
				MTL_ENABLE_DEBUG_INFO = INCLUDE_SOURCE;
				MTL_FAST_MATH = YES;
				ONLY_ACTIVE_ARCH = YES;
				PRODUCT_NAME = "$(TARGET_NAME)";
				SDKROOT = macosx;
				SWIFT_ACTIVE_COMPILATION_CONDITIONS = DEBUG;
				SWIFT_OPTIMIZATION_LEVEL = "-Onone";
				SWIFT_VERSION = 5.9;
			};
			name = Debug;
		};
		430C0AE3C9584D963E179CCA /* Release */ = {
			isa = XCBuildConfiguration;
			buildSettings = {
				ASSETCATALOG_COMPILER_APPICON_NAME = AppIcon;
				CODE_SIGN_ENTITLEMENTS = jstop/jstop.entitlements;
				CODE_SIGN_IDENTITY = "Developer ID Application";
				CODE_SIGN_STYLE = Manual;
				COMBINE_HIDPI_IMAGES = YES;
				DEVELOPMENT_TEAM = 7AWFJS2W5C;
				INFOPLIST_FILE = jstop/Info.plist;
				LD_RUNPATH_SEARCH_PATHS = (
					"$(inherited)",
					"@executable_path/../Frameworks",
				);
				PRODUCT_BUNDLE_IDENTIFIER = com.jstop.jstop;
				SDKROOT = macosx;
			};
			name = Release;
		};
		7D2986478A7F352208672EC2 /* Debug */ = {
			isa = XCBuildConfiguration;
			buildSettings = {
				ASSETCATALOG_COMPILER_APPICON_NAME = AppIcon;
				CODE_SIGN_ENTITLEMENTS = jstop/jstop.entitlements;
				CODE_SIGN_IDENTITY = "Developer ID Application";
				CODE_SIGN_STYLE = Manual;
				COMBINE_HIDPI_IMAGES = YES;
				DEVELOPMENT_TEAM = 7AWFJS2W5C;
				INFOPLIST_FILE = jstop/Info.plist;
				LD_RUNPATH_SEARCH_PATHS = (
					"$(inherited)",
					"@executable_path/../Frameworks",
				);
				PRODUCT_BUNDLE_IDENTIFIER = com.jstop.jstop;
				SDKROOT = macosx;
			};
			name = Debug;
		};
		E9C109E8877A8709496975DE /* Release */ = {
			isa = XCBuildConfiguration;
			buildSettings = {
				ALWAYS_SEARCH_USER_PATHS = NO;
				CLANG_ANALYZER_NONNULL = YES;
				CLANG_ANALYZER_NUMBER_OBJECT_CONVERSION = YES_AGGRESSIVE;
				CLANG_CXX_LANGUAGE_STANDARD = "gnu++14";
				CLANG_CXX_LIBRARY = "libc++";
				CLANG_ENABLE_MODULES = YES;
				CLANG_ENABLE_OBJC_ARC = YES;
				CLANG_ENABLE_OBJC_WEAK = YES;
				CLANG_WARN_BLOCK_CAPTURE_AUTORELEASING = YES;
				CLANG_WARN_BOOL_CONVERSION = YES;
				CLANG_WARN_COMMA = YES;
				CLANG_WARN_CONSTANT_CONVERSION = YES;
				CLANG_WARN_DEPRECATED_OBJC_IMPLEMENTATIONS = YES;
				CLANG_WARN_DIRECT_OBJC_ISA_USAGE = YES_ERROR;
				CLANG_WARN_DOCUMENTATION_COMMENTS = YES;
				CLANG_WARN_EMPTY_BODY = YES;
				CLANG_WARN_ENUM_CONVERSION = YES;
				CLANG_WARN_INFINITE_RECURSION = YES;
				CLANG_WARN_INT_CONVERSION = YES;
				CLANG_WARN_NON_LITERAL_NULL_CONVERSION = YES;
				CLANG_WARN_OBJC_IMPLICIT_RETAIN_SELF = YES;
				CLANG_WARN_OBJC_LITERAL_CONVERSION = YES;
				CLANG_WARN_OBJC_ROOT_CLASS = YES_ERROR;
				CLANG_WARN_QUOTED_INCLUDE_IN_FRAMEWORK_HEADER = YES;
				CLANG_WARN_RANGE_LOOP_ANALYSIS = YES;
				CLANG_WARN_STRICT_PROTOTYPES = YES;
				CLANG_WARN_SUSPICIOUS_MOVE = YES;
				CLANG_WARN_UNGUARDED_AVAILABILITY = YES_AGGRESSIVE;
				CLANG_WARN_UNREACHABLE_CODE = YES;
				CLANG_WARN__DUPLICATE_METHOD_MATCH = YES;
				COPY_PHASE_STRIP = NO;
				DEBUG_INFORMATION_FORMAT = "dwarf-with-dsym";
				ENABLE_HARDENED_RUNTIME = YES;
				ENABLE_NS_ASSERTIONS = NO;
				ENABLE_STRICT_OBJC_MSGSEND = YES;
				GCC_C_LANGUAGE_STANDARD = gnu11;
				GCC_NO_COMMON_BLOCKS = YES;
				GCC_WARN_64_TO_32_BIT_CONVERSION = YES;
				GCC_WARN_ABOUT_RETURN_TYPE = YES_ERROR;
				GCC_WARN_UNDECLARED_SELECTOR = YES;
				GCC_WARN_UNINITIALIZED_AUTOS = YES_AGGRESSIVE;
				GCC_WARN_UNUSED_FUNCTION = YES;
				GCC_WARN_UNUSED_VARIABLE = YES;
				MACOSX_DEPLOYMENT_TARGET = 13.0;
				MTL_ENABLE_DEBUG_INFO = NO;
				MTL_FAST_MATH = YES;
				PRODUCT_NAME = "$(TARGET_NAME)";
				SDKROOT = macosx;
				SWIFT_COMPILATION_MODE = wholemodule;
				SWIFT_OPTIMIZATION_LEVEL = "-O";
				SWIFT_VERSION = 5.9;
			};
			name = Release;
		};
		FA0100000000000000000BAA /* Debug */ = {
			isa = XCBuildConfiguration;
			buildSettings = {
				BUNDLE_LOADER = "$(TEST_HOST)";
				CODE_SIGN_STYLE = Automatic;
				GENERATE_INFOPLIST_FILE = YES;
				PRODUCT_BUNDLE_IDENTIFIER = com.jstop.jstopTests;
				SDKROOT = macosx;
				SWIFT_VERSION = 5.9;
				TEST_HOST = "$(BUILT_PRODUCTS_DIR)/jstop.app/Contents/MacOS/jstop";
			};
			name = Debug;
		};
		FA0100000000000000000CAA /* Release */ = {
			isa = XCBuildConfiguration;
			buildSettings = {
				BUNDLE_LOADER = "$(TEST_HOST)";
				CODE_SIGN_STYLE = Automatic;
				GENERATE_INFOPLIST_FILE = YES;
				PRODUCT_BUNDLE_IDENTIFIER = com.jstop.jstopTests;
				SDKROOT = macosx;
				SWIFT_VERSION = 5.9;
				TEST_HOST = "$(BUILT_PRODUCTS_DIR)/jstop.app/Contents/MacOS/jstop";
			};
			name = Release;
		};
/* End XCBuildConfiguration section */

/* Begin XCConfigurationList section */
		5ECA5EE4CC45197DADE31A42 /* Build configuration list for PBXNativeTarget "jstop" */ = {
			isa = XCConfigurationList;
			buildConfigurations = (
				7D2986478A7F352208672EC2 /* Debug */,
				430C0AE3C9584D963E179CCA /* Release */,
			);
			defaultConfigurationIsVisible = 0;
			defaultConfigurationName = Debug;
		};
		99BD5A7AFC082AAA346EAD5F /* Build configuration list for PBXProject "jstop" */ = {
			isa = XCConfigurationList;
			buildConfigurations = (
				109EC00768372CEA8D4E1745 /* Debug */,
				E9C109E8877A8709496975DE /* Release */,
			);
			defaultConfigurationIsVisible = 0;
			defaultConfigurationName = Debug;
		};
		FA01000000000000000010AA /* Build configuration list for PBXNativeTarget "jstopTests" */ = {
			isa = XCConfigurationList;
			buildConfigurations = (
				FA0100000000000000000BAA /* Debug */,
				FA0100000000000000000CAA /* Release */,
			);
			defaultConfigurationIsVisible = 0;
			defaultConfigurationName = Debug;
		};
/* End XCConfigurationList section */
	};
	rootObject = 626801D419CE6A1EC0C2E3F4 /* Project object */;
}
